<?xml version="1.0" encoding="UTF-8"?>
<Solution>
    <Folder Name="/src/">
        <Project Path="src/Vexa.Api/Vexa.Api.csproj" />
        <Project Path="src/Vexa.Application/Vexa.Application.csproj" />
        <Project Path="src/Vexa.Domain/Vexa.Domain.csproj" />
        <Project Path="src/Vexa.Infrastructure/Vexa.Infrastructure.csproj" />
    </Folder>
    <Folder Name="/tests/">
        <Project Path="tests/Vexa.Application.Tests/Vexa.Application.Tests.csproj" />
    </Folder>
</Solution>
